# @generated by Move, please check-in and do not edit manually.

[move]
version = 0
manifest_digest = "30A06D964DD00FC591F02CC92ED7A6B3EE15B5043C74B2754A2D5E65383696A9"
deps_digest = "F8BBB0CCB2491CA29A3DF03D6F92277A4F3574266507ACD77214D37ECA3F3082"

dependencies = [
  { name = "Sui" },
]

[[move.package]]
name = "MoveStdlib"
source = { local = "../../../suibase/workdirs/testnet/sui-repo/crates/sui-framework/packages/move-stdlib" }

[[move.package]]
name = "Sui"
source = { local = "../../../suibase/workdirs/testnet/sui-repo/crates/sui-framework/packages/sui-framework" }

dependencies = [
  { name = "MoveStdlib" },
]

[move.toolchain-version]
compiler-version = "1.17.0"
edition = "legacy"
flavor = "sui"
