# @generated by Move, please check-in and do not edit manually.

[move]
version = 0
manifest_digest = "0A7AF18DFA4B48E0F9930EAD98C66A145C76EE904650BFF9A30E1D94CBC00F19"
deps_digest = "060AD7E57DFB13104F21BE5F5C3759D03F0553FC3229247D9A7A6B45F50D03A3"

dependencies = [
  { name = "DeepBook" },
  { name = "MoveStdlib" },
  { name = "Sui" },
]

[[move.package]]
name = "DeepBook"
source = { git = "https://github.com/MystenLabs/sui.git", rev = "testnet-v1.18.0", subdir = "crates/sui-framework/packages/deepbook" }

dependencies = [
  { name = "MoveStdlib" },
  { name = "Sui" },
]

[[move.package]]
name = "MoveStdlib"
source = { git = "https://github.com/MystenLabs/sui.git", rev = "testnet-v1.18.0", subdir = "crates/sui-framework/packages/move-stdlib" }

[[move.package]]
name = "Sui"
source = { git = "https://github.com/MystenLabs/sui.git", rev = "testnet-v1.18.0", subdir = "crates/sui-framework/packages/sui-framework" }

dependencies = [
  { name = "MoveStdlib" },
]

[move.toolchain-version]
compiler-version = "1.18.1"
edition = "legacy"
flavor = "sui"
